// !$*UTF8*$!
{
	archiveVersion = 1;
	classes = {
	};
	objectVersion = 46;
	objects = {

/* Begin PBXBuildFile section */
		A339AD1313F9CA93001E776F /* UIKit.framework in Frameworks */ = {isa = PBXBuildFile; fileRef = A339AD1213F9CA93001E776F /* UIKit.framework */; };
		A339AD1513F9CA93001E776F /* Foundation.framework in Frameworks */ = {isa = PBXBuildFile; fileRef = A339AD1413F9CA93001E776F /* Foundation.framework */; };
		A339AD1713F9CA93001E776F /* CoreGraphics.framework in Frameworks */ = {isa = PBXBuildFile; fileRef = A339AD1613F9CA93001E776F /* CoreGraphics.framework */; };
		A339AD1D13F9CA93001E776F /* InfoPlist.strings in Resources */ = {isa = PBXBuildFile; fileRef = A339AD1B13F9CA93001E776F /* InfoPlist.strings */; };
		A339AD1F13F9CA93001E776F /* main.m in Sources */ = {isa = PBXBuildFile; fileRef = A339AD1E13F9CA93001E776F /* main.m */; };
		A339AD2313F9CA93001E776F /* PusherChat_iPhoneAppDelegate.m in Sources */ = {isa = PBXBuildFile; fileRef = A339AD2213F9CA93001E776F /* PusherChat_iPhoneAppDelegate.m */; };
		A339AD2613F9CA93001E776F /* MainWindow.xib in Resources */ = {isa = PBXBuildFile; fileRef = A339AD2413F9CA93001E776F /* MainWindow.xib */; };
		A339AD2913F9CA93001E776F /* ChatListViewController.m in Sources */ = {isa = PBXBuildFile; fileRef = A339AD2813F9CA93001E776F /* ChatListViewController.m */; };
		A339AD3713F9CB63001E776F /* PusherChatService.m in Sources */ = {isa = PBXBuildFile; fileRef = A339AD3613F9CB63001E776F /* PusherChatService.m */; };
		A33E326D13F9CED60024EFBD /* PusherChatMessage.m in Sources */ = {isa = PBXBuildFile; fileRef = A33E326C13F9CED60024EFBD /* PusherChatMessage.m */; };
		A33E327013F9CEE40024EFBD /* PusherChatUser.m in Sources */ = {isa = PBXBuildFile; fileRef = A33E326F13F9CEE40024EFBD /* PusherChatUser.m */; };
		A33E327513F9D2850024EFBD /* LRResty.framework in Frameworks */ = {isa = PBXBuildFile; fileRef = A33E327413F9D2850024EFBD /* LRResty.framework */; };
		A33E328F13F9E0940024EFBD /* PusherChatMonitor.m in Sources */ = {isa = PBXBuildFile; fileRef = A33E328E13F9E0930024EFBD /* PusherChatMonitor.m */; };
		A33E32E013F9E1F20024EFBD /* libPusher.a in Frameworks */ = {isa = PBXBuildFile; fileRef = A33E32DD13F9E1E40024EFBD /* libPusher.a */; };
		A35EA93213F9E6EB000B57B0 /* CFNetwork.framework in Frameworks */ = {isa = PBXBuildFile; fileRef = A35EA93113F9E6EB000B57B0 /* CFNetwork.framework */; };
		A35EAA9413F9E861000B57B0 /* ChatViewController.m in Sources */ = {isa = PBXBuildFile; fileRef = A35EAA9213F9E861000B57B0 /* ChatViewController.m */; };
		A35EACAC13F9E98E000B57B0 /* SSMessagesViewController.m in Sources */ = {isa = PBXBuildFile; fileRef = A35EACA713F9E98E000B57B0 /* SSMessagesViewController.m */; };
		A35EACAD13F9E98E000B57B0 /* SSMessageTableViewCell.m in Sources */ = {isa = PBXBuildFile; fileRef = A35EACA913F9E98E000B57B0 /* SSMessageTableViewCell.m */; };
		A35EACAE13F9E98E000B57B0 /* SSMessageTableViewCellBubbleView.m in Sources */ = {isa = PBXBuildFile; fileRef = A35EACAB13F9E98E000B57B0 /* SSMessageTableViewCellBubbleView.m */; };
		A35EACBA13F9E99E000B57B0 /* SSMessagesViewControllerInputBackground.png in Resources */ = {isa = PBXBuildFile; fileRef = A35EACB013F9E99E000B57B0 /* SSMessagesViewControllerInputBackground.png */; };
		A35EACBB13F9E99E000B57B0 /* SSMessagesViewControllerInputBackground@2x.png in Resources */ = {isa = PBXBuildFile; fileRef = A35EACB113F9E99E000B57B0 /* SSMessagesViewControllerInputBackground@2x.png */; };
		A35EACBC13F9E99E000B57B0 /* SSMessagesViewControllerSendButtonBackground.png in Resources */ = {isa = PBXBuildFile; fileRef = A35EACB213F9E99E000B57B0 /* SSMessagesViewControllerSendButtonBackground.png */; };
		A35EACBD13F9E99E000B57B0 /* SSMessagesViewControllerSendButtonBackground@2x.png in Resources */ = {isa = PBXBuildFile; fileRef = A35EACB313F9E99E000B57B0 /* SSMessagesViewControllerSendButtonBackground@2x.png */; };
		A35EACBE13F9E99E000B57B0 /* SSMessagesViewControllerTextFieldBackground.png in Resources */ = {isa = PBXBuildFile; fileRef = A35EACB413F9E99E000B57B0 /* SSMessagesViewControllerTextFieldBackground.png */; };
		A35EACBF13F9E99E000B57B0 /* SSMessagesViewControllerTextFieldBackground@2x.png in Resources */ = {isa = PBXBuildFile; fileRef = A35EACB513F9E99E000B57B0 /* SSMessagesViewControllerTextFieldBackground@2x.png */; };
		A35EACC013F9E99E000B57B0 /* SSMessageTableViewCellBackgroundClear.png in Resources */ = {isa = PBXBuildFile; fileRef = A35EACB613F9E99E000B57B0 /* SSMessageTableViewCellBackgroundClear.png */; };
		A35EACC113F9E99E000B57B0 /* SSMessageTableViewCellBackgroundClear@2x.png in Resources */ = {isa = PBXBuildFile; fileRef = A35EACB713F9E99E000B57B0 /* SSMessageTableViewCellBackgroundClear@2x.png */; };
		A35EACC213F9E99E000B57B0 /* SSMessageTableViewCellBackgroundGreen.png in Resources */ = {isa = PBXBuildFile; fileRef = A35EACB813F9E99E000B57B0 /* SSMessageTableViewCellBackgroundGreen.png */; };
		A35EACC313F9E99E000B57B0 /* SSMessageTableViewCellBackgroundGreen@2x.png in Resources */ = {isa = PBXBuildFile; fileRef = A35EACB913F9E99E000B57B0 /* SSMessageTableViewCellBackgroundGreen@2x.png */; };
		A35EACC813F9EA94000B57B0 /* SSTextField.m in Sources */ = {isa = PBXBuildFile; fileRef = A35EACC713F9EA94000B57B0 /* SSTextField.m */; };
		A35EACCB13F9EADF000B57B0 /* SSDrawingUtilities.m in Sources */ = {isa = PBXBuildFile; fileRef = A35EACCA13F9EADF000B57B0 /* SSDrawingUtilities.m */; };
/* End PBXBuildFile section */

/* Begin PBXContainerItemProxy section */
		A33E32DA13F9E1E40024EFBD /* PBXContainerItemProxy */ = {
			isa = PBXContainerItemProxy;
			containerPortal = A33E32CF13F9E1E40024EFBD /* libPusher.xcodeproj */;
			proxyType = 2;
			remoteGlobalIDString = 1D6058910D05DD3D006BFB54;
			remoteInfo = SampleApp;
		};
		A33E32DC13F9E1E40024EFBD /* PBXContainerItemProxy */ = {
			isa = PBXContainerItemProxy;
			containerPortal = A33E32CF13F9E1E40024EFBD /* libPusher.xcodeproj */;
			proxyType = 2;
			remoteGlobalIDString = A3D1D2B71158013F009A12AD;
			remoteInfo = libPusher;
		};
		A33E32DE13F9E1E40024EFBD /* PBXContainerItemProxy */ = {
			isa = PBXContainerItemProxy;
			containerPortal = A33E32CF13F9E1E40024EFBD /* libPusher.xcodeproj */;
			proxyType = 2;
			remoteGlobalIDString = A3A1A0EB115813E2001EF877;
			remoteInfo = UnitTests;
		};
/* End PBXContainerItemProxy section */

/* Begin PBXFileReference section */
		A339AD0E13F9CA93001E776F /* PusherChat-iPhone.app */ = {isa = PBXFileReference; explicitFileType = wrapper.application; includeInIndex = 0; path = "PusherChat-iPhone.app"; sourceTree = BUILT_PRODUCTS_DIR; };
		A339AD1213F9CA93001E776F /* UIKit.framework */ = {isa = PBXFileReference; lastKnownFileType = wrapper.framework; name = UIKit.framework; path = System/Library/Frameworks/UIKit.framework; sourceTree = SDKROOT; };
		A339AD1413F9CA93001E776F /* Foundation.framework */ = {isa = PBXFileReference; lastKnownFileType = wrapper.framework; name = Foundation.framework; path = System/Library/Frameworks/Foundation.framework; sourceTree = SDKROOT; };
		A339AD1613F9CA93001E776F /* CoreGraphics.framework */ = {isa = PBXFileReference; lastKnownFileType = wrapper.framework; name = CoreGraphics.framework; path = System/Library/Frameworks/CoreGraphics.framework; sourceTree = SDKROOT; };
		A339AD1A13F9CA93001E776F /* PusherChat-iPhone-Info.plist */ = {isa = PBXFileReference; lastKnownFileType = text.plist.xml; path = "PusherChat-iPhone-Info.plist"; sourceTree = "<group>"; };
		A339AD1C13F9CA93001E776F /* en */ = {isa = PBXFileReference; lastKnownFileType = text.plist.strings; name = en; path = en.lproj/InfoPlist.strings; sourceTree = "<group>"; };
		A339AD1E13F9CA93001E776F /* main.m */ = {isa = PBXFileReference; lastKnownFileType = sourcecode.c.objc; path = main.m; sourceTree = "<group>"; };
		A339AD2013F9CA93001E776F /* PusherChat-iPhone-Prefix.pch */ = {isa = PBXFileReference; lastKnownFileType = sourcecode.c.h; path = "PusherChat-iPhone-Prefix.pch"; sourceTree = "<group>"; };
		A339AD2113F9CA93001E776F /* PusherChat_iPhoneAppDelegate.h */ = {isa = PBXFileReference; lastKnownFileType = sourcecode.c.h; path = PusherChat_iPhoneAppDelegate.h; sourceTree = "<group>"; };
		A339AD2213F9CA93001E776F /* PusherChat_iPhoneAppDelegate.m */ = {isa = PBXFileReference; lastKnownFileType = sourcecode.c.objc; path = PusherChat_iPhoneAppDelegate.m; sourceTree = "<group>"; };
		A339AD2513F9CA93001E776F /* en */ = {isa = PBXFileReference; lastKnownFileType = file.xib; name = en; path = en.lproj/MainWindow.xib; sourceTree = "<group>"; };
		A339AD2713F9CA93001E776F /* ChatListViewController.h */ = {isa = PBXFileReference; lastKnownFileType = sourcecode.c.h; path = ChatListViewController.h; sourceTree = "<group>"; };
		A339AD2813F9CA93001E776F /* ChatListViewController.m */ = {isa = PBXFileReference; lastKnownFileType = sourcecode.c.objc; path = ChatListViewController.m; sourceTree = "<group>"; };
		A339AD3513F9CB63001E776F /* PusherChatService.h */ = {isa = PBXFileReference; fileEncoding = 4; lastKnownFileType = sourcecode.c.h; path = PusherChatService.h; sourceTree = "<group>"; };
		A339AD3613F9CB63001E776F /* PusherChatService.m */ = {isa = PBXFileReference; fileEncoding = 4; lastKnownFileType = sourcecode.c.objc; path = PusherChatService.m; sourceTree = "<group>"; };
		A33E326913F9CCF10024EFBD /* PusherChatDelegate.h */ = {isa = PBXFileReference; fileEncoding = 4; lastKnownFileType = sourcecode.c.h; path = PusherChatDelegate.h; sourceTree = "<group>"; };
		A33E326B13F9CED60024EFBD /* PusherChatMessage.h */ = {isa = PBXFileReference; fileEncoding = 4; lastKnownFileType = sourcecode.c.h; path = PusherChatMessage.h; sourceTree = "<group>"; };
		A33E326C13F9CED60024EFBD /* PusherChatMessage.m */ = {isa = PBXFileReference; fileEncoding = 4; lastKnownFileType = sourcecode.c.objc; path = PusherChatMessage.m; sourceTree = "<group>"; };
		A33E326E13F9CEE40024EFBD /* PusherChatUser.h */ = {isa = PBXFileReference; fileEncoding = 4; lastKnownFileType = sourcecode.c.h; path = PusherChatUser.h; sourceTree = "<group>"; };
		A33E326F13F9CEE40024EFBD /* PusherChatUser.m */ = {isa = PBXFileReference; fileEncoding = 4; lastKnownFileType = sourcecode.c.objc; path = PusherChatUser.m; sourceTree = "<group>"; };
		A33E327413F9D2850024EFBD /* LRResty.framework */ = {isa = PBXFileReference; lastKnownFileType = wrapper.framework; name = LRResty.framework; path = "PusherChat-iPhone/Frameworks/LRResty.framework"; sourceTree = "<group>"; };
		A33E328C13F9DDB70024EFBD /* PusherSettings.h */ = {isa = PBXFileReference; fileEncoding = 4; lastKnownFileType = sourcecode.c.h; path = PusherSettings.h; sourceTree = "<group>"; };
		A33E328D13F9E0930024EFBD /* PusherChatMonitor.h */ = {isa = PBXFileReference; fileEncoding = 4; lastKnownFileType = sourcecode.c.h; path = PusherChatMonitor.h; sourceTree = "<group>"; };
		A33E328E13F9E0930024EFBD /* PusherChatMonitor.m */ = {isa = PBXFileReference; fileEncoding = 4; lastKnownFileType = sourcecode.c.objc; path = PusherChatMonitor.m; sourceTree = "<group>"; };
		A33E32CF13F9E1E40024EFBD /* libPusher.xcodeproj */ = {isa = PBXFileReference; lastKnownFileType = "wrapper.pb-project"; name = libPusher.xcodeproj; path = External/libPusher/libPusher.xcodeproj; sourceTree = "<group>"; };
		A35EA93113F9E6EB000B57B0 /* CFNetwork.framework */ = {isa = PBXFileReference; lastKnownFileType = wrapper.framework; name = CFNetwork.framework; path = System/Library/Frameworks/CFNetwork.framework; sourceTree = SDKROOT; };
		A35EA93313F9E74F000B57B0 /* Macros.h */ = {isa = PBXFileReference; fileEncoding = 4; lastKnownFileType = sourcecode.c.h; path = Macros.h; sourceTree = "<group>"; };
		A35EAA9113F9E861000B57B0 /* ChatViewController.h */ = {isa = PBXFileReference; fileEncoding = 4; lastKnownFileType = sourcecode.c.h; path = ChatViewController.h; sourceTree = "<group>"; };
		A35EAA9213F9E861000B57B0 /* ChatViewController.m */ = {isa = PBXFileReference; fileEncoding = 4; lastKnownFileType = sourcecode.c.objc; path = ChatViewController.m; sourceTree = "<group>"; };
		A35EACA613F9E98E000B57B0 /* SSMessagesViewController.h */ = {isa = PBXFileReference; fileEncoding = 4; lastKnownFileType = sourcecode.c.h; name = SSMessagesViewController.h; path = Classes/SSMessagesViewController.h; sourceTree = "<group>"; };
		A35EACA713F9E98E000B57B0 /* SSMessagesViewController.m */ = {isa = PBXFileReference; fileEncoding = 4; lastKnownFileType = sourcecode.c.objc; name = SSMessagesViewController.m; path = Classes/SSMessagesViewController.m; sourceTree = "<group>"; };
		A35EACA813F9E98E000B57B0 /* SSMessageTableViewCell.h */ = {isa = PBXFileReference; fileEncoding = 4; lastKnownFileType = sourcecode.c.h; name = SSMessageTableViewCell.h; path = Classes/SSMessageTableViewCell.h; sourceTree = "<group>"; };
		A35EACA913F9E98E000B57B0 /* SSMessageTableViewCell.m */ = {isa = PBXFileReference; fileEncoding = 4; lastKnownFileType = sourcecode.c.objc; name = SSMessageTableViewCell.m; path = Classes/SSMessageTableViewCell.m; sourceTree = "<group>"; };
		A35EACAA13F9E98E000B57B0 /* SSMessageTableViewCellBubbleView.h */ = {isa = PBXFileReference; fileEncoding = 4; lastKnownFileType = sourcecode.c.h; name = SSMessageTableViewCellBubbleView.h; path = Classes/SSMessageTableViewCellBubbleView.h; sourceTree = "<group>"; };
		A35EACAB13F9E98E000B57B0 /* SSMessageTableViewCellBubbleView.m */ = {isa = PBXFileReference; fileEncoding = 4; lastKnownFileType = sourcecode.c.objc; name = SSMessageTableViewCellBubbleView.m; path = Classes/SSMessageTableViewCellBubbleView.m; sourceTree = "<group>"; };
		A35EACB013F9E99E000B57B0 /* SSMessagesViewControllerInputBackground.png */ = {isa = PBXFileReference; lastKnownFileType = image.png; path = SSMessagesViewControllerInputBackground.png; sourceTree = "<group>"; };
		A35EACB113F9E99E000B57B0 /* SSMessagesViewControllerInputBackground@2x.png */ = {isa = PBXFileReference; lastKnownFileType = image.png; path = "SSMessagesViewControllerInputBackground@2x.png"; sourceTree = "<group>"; };
		A35EACB213F9E99E000B57B0 /* SSMessagesViewControllerSendButtonBackground.png */ = {isa = PBXFileReference; lastKnownFileType = image.png; path = SSMessagesViewControllerSendButtonBackground.png; sourceTree = "<group>"; };
		A35EACB313F9E99E000B57B0 /* SSMessagesViewControllerSendButtonBackground@2x.png */ = {isa = PBXFileReference; lastKnownFileType = image.png; path = "SSMessagesViewControllerSendButtonBackground@2x.png"; sourceTree = "<group>"; };
		A35EACB413F9E99E000B57B0 /* SSMessagesViewControllerTextFieldBackground.png */ = {isa = PBXFileReference; lastKnownFileType = image.png; path = SSMessagesViewControllerTextFieldBackground.png; sourceTree = "<group>"; };
		A35EACB513F9E99E000B57B0 /* SSMessagesViewControllerTextFieldBackground@2x.png */ = {isa = PBXFileReference; lastKnownFileType = image.png; path = "SSMessagesViewControllerTextFieldBackground@2x.png"; sourceTree = "<group>"; };
		A35EACB613F9E99E000B57B0 /* SSMessageTableViewCellBackgroundClear.png */ = {isa = PBXFileReference; lastKnownFileType = image.png; path = SSMessageTableViewCellBackgroundClear.png; sourceTree = "<group>"; };
		A35EACB713F9E99E000B57B0 /* SSMessageTableViewCellBackgroundClear@2x.png */ = {isa = PBXFileReference; lastKnownFileType = image.png; path = "SSMessageTableViewCellBackgroundClear@2x.png"; sourceTree = "<group>"; };
		A35EACB813F9E99E000B57B0 /* SSMessageTableViewCellBackgroundGreen.png */ = {isa = PBXFileReference; lastKnownFileType = image.png; path = SSMessageTableViewCellBackgroundGreen.png; sourceTree = "<group>"; };
		A35EACB913F9E99E000B57B0 /* SSMessageTableViewCellBackgroundGreen@2x.png */ = {isa = PBXFileReference; lastKnownFileType = image.png; path = "SSMessageTableViewCellBackgroundGreen@2x.png"; sourceTree = "<group>"; };
		A35EACC713F9EA94000B57B0 /* SSTextField.m */ = {isa = PBXFileReference; fileEncoding = 4; lastKnownFileType = sourcecode.c.objc; name = SSTextField.m; path = Demo/SSToolkit/SSToolkit/SSTextField.m; sourceTree = "<group>"; };
		A35EACC913F9EAD9000B57B0 /* SSDrawingUtilities.h */ = {isa = PBXFileReference; fileEncoding = 4; lastKnownFileType = sourcecode.c.h; name = SSDrawingUtilities.h; path = Demo/SSToolkit/SSToolkit/SSDrawingUtilities.h; sourceTree = "<group>"; };
		A35EACCA13F9EADF000B57B0 /* SSDrawingUtilities.m */ = {isa = PBXFileReference; fileEncoding = 4; lastKnownFileType = sourcecode.c.objc; name = SSDrawingUtilities.m; path = Demo/SSToolkit/SSToolkit/SSDrawingUtilities.m; sourceTree = "<group>"; };
/* End PBXFileReference section */

/* Begin PBXFrameworksBuildPhase section */
		A339AD0B13F9CA93001E776F /* Frameworks */ = {
			isa = PBXFrameworksBuildPhase;
			buildActionMask = 2147483647;
			files = (
				A35EA93213F9E6EB000B57B0 /* CFNetwork.framework in Frameworks */,
				A33E32E013F9E1F20024EFBD /* libPusher.a in Frameworks */,
				A339AD1313F9CA93001E776F /* UIKit.framework in Frameworks */,
				A339AD1513F9CA93001E776F /* Foundation.framework in Frameworks */,
				A339AD1713F9CA93001E776F /* CoreGraphics.framework in Frameworks */,
				A33E327513F9D2850024EFBD /* LRResty.framework in Frameworks */,
			);
			runOnlyForDeploymentPostprocessing = 0;
		};
/* End PBXFrameworksBuildPhase section */

/* Begin PBXGroup section */
		A339AD0313F9CA93001E776F = {
			isa = PBXGroup;
			children = (
				A339AD1813F9CA93001E776F /* PusherChat-iPhone */,
				A339AD1113F9CA93001E776F /* Frameworks */,
				A339AD0F13F9CA93001E776F /* Products */,
			);
			sourceTree = "<group>";
		};
		A339AD0F13F9CA93001E776F /* Products */ = {
			isa = PBXGroup;
			children = (
				A339AD0E13F9CA93001E776F /* PusherChat-iPhone.app */,
			);
			name = Products;
			sourceTree = "<group>";
		};
		A339AD1113F9CA93001E776F /* Frameworks */ = {
			isa = PBXGroup;
			children = (
				A33E32CF13F9E1E40024EFBD /* libPusher.xcodeproj */,
				A35EA93113F9E6EB000B57B0 /* CFNetwork.framework */,
				A33E327413F9D2850024EFBD /* LRResty.framework */,
				A339AD1213F9CA93001E776F /* UIKit.framework */,
				A339AD1413F9CA93001E776F /* Foundation.framework */,
				A339AD1613F9CA93001E776F /* CoreGraphics.framework */,
			);
			name = Frameworks;
			sourceTree = "<group>";
		};
		A339AD1813F9CA93001E776F /* PusherChat-iPhone */ = {
			isa = PBXGroup;
			children = (
				A339AD3313F9CAFD001E776F /* Resources */,
				A339AD3213F9CAF0001E776F /* Classes */,
				A339AD1913F9CA93001E776F /* Supporting Files */,
			);
			path = "PusherChat-iPhone";
			sourceTree = "<group>";
		};
		A339AD1913F9CA93001E776F /* Supporting Files */ = {
			isa = PBXGroup;
			children = (
				A35EA93313F9E74F000B57B0 /* Macros.h */,
				A339AD1A13F9CA93001E776F /* PusherChat-iPhone-Info.plist */,
				A339AD1B13F9CA93001E776F /* InfoPlist.strings */,
				A339AD1E13F9CA93001E776F /* main.m */,
				A339AD2013F9CA93001E776F /* PusherChat-iPhone-Prefix.pch */,
				A33E328C13F9DDB70024EFBD /* PusherSettings.h */,
			);
			name = "Supporting Files";
			sourceTree = "<group>";
		};
		A339AD3213F9CAF0001E776F /* Classes */ = {
			isa = PBXGroup;
			children = (
				A35EA93413F9E854000B57B0 /* SSMessagesViewController */,
				A339AD3413F9CB4B001E776F /* PusherChat */,
				A339AD2113F9CA93001E776F /* PusherChat_iPhoneAppDelegate.h */,
				A339AD2213F9CA93001E776F /* PusherChat_iPhoneAppDelegate.m */,
				A339AD2713F9CA93001E776F /* ChatListViewController.h */,
				A339AD2813F9CA93001E776F /* ChatListViewController.m */,
				A35EAA9113F9E861000B57B0 /* ChatViewController.h */,
				A35EAA9213F9E861000B57B0 /* ChatViewController.m */,
			);
			name = Classes;
			sourceTree = "<group>";
		};
		A339AD3313F9CAFD001E776F /* Resources */ = {
			isa = PBXGroup;
			children = (
				A339AD2413F9CA93001E776F /* MainWindow.xib */,
			);
			name = Resources;
			sourceTree = "<group>";
		};
		A339AD3413F9CB4B001E776F /* PusherChat */ = {
			isa = PBXGroup;
			children = (
				A33E326913F9CCF10024EFBD /* PusherChatDelegate.h */,
				A339AD3513F9CB63001E776F /* PusherChatService.h */,
				A339AD3613F9CB63001E776F /* PusherChatService.m */,
				A33E326B13F9CED60024EFBD /* PusherChatMessage.h */,
				A33E326C13F9CED60024EFBD /* PusherChatMessage.m */,
				A33E326E13F9CEE40024EFBD /* PusherChatUser.h */,
				A33E326F13F9CEE40024EFBD /* PusherChatUser.m */,
				A33E328D13F9E0930024EFBD /* PusherChatMonitor.h */,
				A33E328E13F9E0930024EFBD /* PusherChatMonitor.m */,
			);
			name = PusherChat;
			sourceTree = "<group>";
		};
		A33E32D013F9E1E40024EFBD /* Products */ = {
			isa = PBXGroup;
			children = (
				A33E32DB13F9E1E40024EFBD /* SampleApp.app */,
				A33E32DD13F9E1E40024EFBD /* libPusher.a */,
				A33E32DF13F9E1E40024EFBD /* UnitTests.octest */,
			);
			name = Products;
			sourceTree = "<group>";
		};
		A35EA93413F9E854000B57B0 /* SSMessagesViewController */ = {
			isa = PBXGroup;
			children = (
				A35EACAF13F9E99E000B57B0 /* Images */,
				A35EACA613F9E98E000B57B0 /* SSMessagesViewController.h */,
				A35EACA713F9E98E000B57B0 /* SSMessagesViewController.m */,
				A35EACA813F9E98E000B57B0 /* SSMessageTableViewCell.h */,
				A35EACA913F9E98E000B57B0 /* SSMessageTableViewCell.m */,
				A35EACAA13F9E98E000B57B0 /* SSMessageTableViewCellBubbleView.h */,
				A35EACAB13F9E98E000B57B0 /* SSMessageTableViewCellBubbleView.m */,
				A35EACC913F9EAD9000B57B0 /* SSDrawingUtilities.h */,
				A35EACCA13F9EADF000B57B0 /* SSDrawingUtilities.m */,
				A35EACC713F9EA94000B57B0 /* SSTextField.m */,
			);
			name = SSMessagesViewController;
			path = External/SSMessagesViewController;
			sourceTree = SOURCE_ROOT;
		};
		A35EACAF13F9E99E000B57B0 /* Images */ = {
			isa = PBXGroup;
			children = (
				A35EACB013F9E99E000B57B0 /* SSMessagesViewControllerInputBackground.png */,
				A35EACB113F9E99E000B57B0 /* SSMessagesViewControllerInputBackground@2x.png */,
				A35EACB213F9E99E000B57B0 /* SSMessagesViewControllerSendButtonBackground.png */,
				A35EACB313F9E99E000B57B0 /* SSMessagesViewControllerSendButtonBackground@2x.png */,
				A35EACB413F9E99E000B57B0 /* SSMessagesViewControllerTextFieldBackground.png */,
				A35EACB513F9E99E000B57B0 /* SSMessagesViewControllerTextFieldBackground@2x.png */,
				A35EACB613F9E99E000B57B0 /* SSMessageTableViewCellBackgroundClear.png */,
				A35EACB713F9E99E000B57B0 /* SSMessageTableViewCellBackgroundClear@2x.png */,
				A35EACB813F9E99E000B57B0 /* SSMessageTableViewCellBackgroundGreen.png */,
				A35EACB913F9E99E000B57B0 /* SSMessageTableViewCellBackgroundGreen@2x.png */,
			);
			path = Images;
			sourceTree = "<group>";
		};
/* End PBXGroup section */

/* Begin PBXNativeTarget section */
		A339AD0D13F9CA93001E776F /* PusherChat-iPhone */ = {
			isa = PBXNativeTarget;
			buildConfigurationList = A339AD2F13F9CA93001E776F /* Build configuration list for PBXNativeTarget "PusherChat-iPhone" */;
			buildPhases = (
				A339AD0A13F9CA93001E776F /* Sources */,
				A339AD0B13F9CA93001E776F /* Frameworks */,
				A339AD0C13F9CA93001E776F /* Resources */,
			);
			buildRules = (
			);
			dependencies = (
			);
			name = "PusherChat-iPhone";
			productName = "PusherChat-iPhone";
			productReference = A339AD0E13F9CA93001E776F /* PusherChat-iPhone.app */;
			productType = "com.apple.product-type.application";
		};
/* End PBXNativeTarget section */

/* Begin PBXProject section */
		A339AD0513F9CA93001E776F /* Project object */ = {
			isa = PBXProject;
			attributes = {
				ORGANIZATIONNAME = "LJR Software Limited";
			};
			buildConfigurationList = A339AD0813F9CA93001E776F /* Build configuration list for PBXProject "PusherChat-iPhone" */;
			compatibilityVersion = "Xcode 3.2";
			developmentRegion = English;
			hasScannedForEncodings = 0;
			knownRegions = (
				en,
			);
			mainGroup = A339AD0313F9CA93001E776F;
			productRefGroup = A339AD0F13F9CA93001E776F /* Products */;
			projectDirPath = "";
			projectReferences = (
				{
					ProductGroup = A33E32D013F9E1E40024EFBD /* Products */;
					ProjectRef = A33E32CF13F9E1E40024EFBD /* libPusher.xcodeproj */;
				},
			);
			projectRoot = "";
			targets = (
				A339AD0D13F9CA93001E776F /* PusherChat-iPhone */,
			);
		};
/* End PBXProject section */

/* Begin PBXReferenceProxy section */
		A33E32DB13F9E1E40024EFBD /* SampleApp.app */ = {
			isa = PBXReferenceProxy;
			fileType = wrapper.application;
			path = SampleApp.app;
			remoteRef = A33E32DA13F9E1E40024EFBD /* PBXContainerItemProxy */;
			sourceTree = BUILT_PRODUCTS_DIR;
		};
		A33E32DD13F9E1E40024EFBD /* libPusher.a */ = {
			isa = PBXReferenceProxy;
			fileType = archive.ar;
			path = libPusher.a;
			remoteRef = A33E32DC13F9E1E40024EFBD /* PBXContainerItemProxy */;
			sourceTree = BUILT_PRODUCTS_DIR;
		};
		A33E32DF13F9E1E40024EFBD /* UnitTests.octest */ = {
			isa = PBXReferenceProxy;
			fileType = wrapper.cfbundle;
			path = UnitTests.octest;
			remoteRef = A33E32DE13F9E1E40024EFBD /* PBXContainerItemProxy */;
			sourceTree = BUILT_PRODUCTS_DIR;
		};
/* End PBXReferenceProxy section */

/* Begin PBXResourcesBuildPhase section */
		A339AD0C13F9CA93001E776F /* Resources */ = {
			isa = PBXResourcesBuildPhase;
			buildActionMask = 2147483647;
			files = (
				A339AD1D13F9CA93001E776F /* InfoPlist.strings in Resources */,
				A339AD2613F9CA93001E776F /* MainWindow.xib in Resources */,
				A35EACBA13F9E99E000B57B0 /* SSMessagesViewControllerInputBackground.png in Resources */,
				A35EACBB13F9E99E000B57B0 /* SSMessagesViewControllerInputBackground@2x.png in Resources */,
				A35EACBC13F9E99E000B57B0 /* SSMessagesViewControllerSendButtonBackground.png in Resources */,
				A35EACBD13F9E99E000B57B0 /* SSMessagesViewControllerSendButtonBackground@2x.png in Resources */,
				A35EACBE13F9E99E000B57B0 /* SSMessagesViewControllerTextFieldBackground.png in Resources */,
				A35EACBF13F9E99E000B57B0 /* SSMessagesViewControllerTextFieldBackground@2x.png in Resources */,
				A35EACC013F9E99E000B57B0 /* SSMessageTableViewCellBackgroundClear.png in Resources */,
				A35EACC113F9E99E000B57B0 /* SSMessageTableViewCellBackgroundClear@2x.png in Resources */,
				A35EACC213F9E99E000B57B0 /* SSMessageTableViewCellBackgroundGreen.png in Resources */,
				A35EACC313F9E99E000B57B0 /* SSMessageTableViewCellBackgroundGreen@2x.png in Resources */,
			);
			runOnlyForDeploymentPostprocessing = 0;
		};
/* End PBXResourcesBuildPhase section */

/* Begin PBXSourcesBuildPhase section */
		A339AD0A13F9CA93001E776F /* Sources */ = {
			isa = PBXSourcesBuildPhase;
			buildActionMask = 2147483647;
			files = (
				A339AD1F13F9CA93001E776F /* main.m in Sources */,
				A339AD2313F9CA93001E776F /* PusherChat_iPhoneAppDelegate.m in Sources */,
				A339AD2913F9CA93001E776F /* ChatListViewController.m in Sources */,
				A339AD3713F9CB63001E776F /* PusherChatService.m in Sources */,
				A33E326D13F9CED60024EFBD /* PusherChatMessage.m in Sources */,
				A33E327013F9CEE40024EFBD /* PusherChatUser.m in Sources */,
				A33E328F13F9E0940024EFBD /* PusherChatMonitor.m in Sources */,
				A35EAA9413F9E861000B57B0 /* ChatViewController.m in Sources */,
				A35EACAC13F9E98E000B57B0 /* SSMessagesViewController.m in Sources */,
				A35EACAD13F9E98E000B57B0 /* SSMessageTableViewCell.m in Sources */,
				A35EACAE13F9E98E000B57B0 /* SSMessageTableViewCellBubbleView.m in Sources */,
				A35EACC813F9EA94000B57B0 /* SSTextField.m in Sources */,
				A35EACCB13F9EADF000B57B0 /* SSDrawingUtilities.m in Sources */,
			);
			runOnlyForDeploymentPostprocessing = 0;
		};
/* End PBXSourcesBuildPhase section */

/* Begin PBXVariantGroup section */
		A339AD1B13F9CA93001E776F /* InfoPlist.strings */ = {
			isa = PBXVariantGroup;
			children = (
				A339AD1C13F9CA93001E776F /* en */,
			);
			name = InfoPlist.strings;
			sourceTree = "<group>";
		};
		A339AD2413F9CA93001E776F /* MainWindow.xib */ = {
			isa = PBXVariantGroup;
			children = (
				A339AD2513F9CA93001E776F /* en */,
			);
			name = MainWindow.xib;
			sourceTree = "<group>";
		};
/* End PBXVariantGroup section */

/* Begin XCBuildConfiguration section */
		A339AD2D13F9CA93001E776F /* Debug */ = {
			isa = XCBuildConfiguration;
			buildSettings = {
				ALWAYS_SEARCH_USER_PATHS = NO;
				ARCHS = "$(ARCHS_STANDARD_32_BIT)";
				"CODE_SIGN_IDENTITY[sdk=iphoneos*]" = "iPhone Developer";
				COPY_PHASE_STRIP = NO;
				GCC_C_LANGUAGE_STANDARD = gnu99;
				GCC_DYNAMIC_NO_PIC = NO;
				GCC_OPTIMIZATION_LEVEL = 0;
				GCC_PREPROCESSOR_DEFINITIONS = (
					"DEBUG=1",
					"$(inherited)",
				);
				GCC_SYMBOLS_PRIVATE_EXTERN = NO;
				GCC_VERSION = com.apple.compilers.llvmgcc42;
				GCC_WARN_ABOUT_MISSING_PROTOTYPES = YES;
				GCC_WARN_ABOUT_RETURN_TYPE = YES;
				GCC_WARN_UNUSED_VARIABLE = YES;
				IPHONEOS_DEPLOYMENT_TARGET = 4.3;
				SDKROOT = iphoneos;
			};
			name = Debug;
		};
		A339AD2E13F9CA93001E776F /* Release */ = {
			isa = XCBuildConfiguration;
			buildSettings = {
				ALWAYS_SEARCH_USER_PATHS = NO;
				ARCHS = "$(ARCHS_STANDARD_32_BIT)";
				"CODE_SIGN_IDENTITY[sdk=iphoneos*]" = "iPhone Developer";
				COPY_PHASE_STRIP = YES;
				GCC_C_LANGUAGE_STANDARD = gnu99;
				GCC_VERSION = com.apple.compilers.llvmgcc42;
				GCC_WARN_ABOUT_MISSING_PROTOTYPES = YES;
				GCC_WARN_ABOUT_RETURN_TYPE = YES;
				GCC_WARN_UNUSED_VARIABLE = YES;
				IPHONEOS_DEPLOYMENT_TARGET = 4.3;
				OTHER_CFLAGS = "-DNS_BLOCK_ASSERTIONS=1";
				SDKROOT = iphoneos;
				VALIDATE_PRODUCT = YES;
			};
			name = Release;
		};
		A339AD3013F9CA93001E776F /* Debug */ = {
			isa = XCBuildConfiguration;
			buildSettings = {
				FRAMEWORK_SEARCH_PATHS = (
					"$(inherited)",
					"\"$(SRCROOT)\"",
					"\"$(SRCROOT)/PusherChat-iPhone/Frameworks\"",
				);
				GCC_PRECOMPILE_PREFIX_HEADER = YES;
				GCC_PREFIX_HEADER = "PusherChat-iPhone/PusherChat-iPhone-Prefix.pch";
				HEADER_SEARCH_PATHS = "\"$(SRCROOT)/External/SSMessagesViewController/Demo/SSToolkit\"";
				INFOPLIST_FILE = "PusherChat-iPhone/PusherChat-iPhone-Info.plist";
				OTHER_LDFLAGS = (
					"-all_load",
					"-ObjC",
				);
				PRODUCT_NAME = "$(TARGET_NAME)";
				USER_HEADER_SEARCH_PATHS = "${SRCROOT}/External/libPusher/Library ${SRCROOT}/External/libPusher/Vendor/TouchJSON/Source/** ${SRCROOT}/External/libPusher/Vendor/Zimt/src/Zimt/**";
				WRAPPER_EXTENSION = app;
			};
			name = Debug;
		};
		A339AD3113F9CA93001E776F /* Release */ = {
			isa = XCBuildConfiguration;
			buildSettings = {
				FRAMEWORK_SEARCH_PATHS = (
					"$(inherited)",
					"\"$(SRCROOT)\"",
					"\"$(SRCROOT)/PusherChat-iPhone/Frameworks\"",
				);
				GCC_PRECOMPILE_PREFIX_HEADER = YES;
				GCC_PREFIX_HEADER = "PusherChat-iPhone/PusherChat-iPhone-Prefix.pch";
				HEADER_SEARCH_PATHS = "\"$(SRCROOT)/External/SSMessagesViewController/Demo/SSToolkit\"";
				INFOPLIST_FILE = "PusherChat-iPhone/PusherChat-iPhone-Info.plist";
				OTHER_LDFLAGS = (
					"-all_load",
					"-ObjC",
				);
				PRODUCT_NAME = "$(TARGET_NAME)";
				USER_HEADER_SEARCH_PATHS = "${SRCROOT}/External/libPusher/Library ${SRCROOT}/External/libPusher/Vendor/TouchJSON/Source/** ${SRCROOT}/External/libPusher/Vendor/Zimt/src/Zimt/**";
				WRAPPER_EXTENSION = app;
			};
			name = Release;
		};
/* End XCBuildConfiguration section */

/* Begin XCConfigurationList section */
		A339AD0813F9CA93001E776F /* Build configuration list for PBXProject "PusherChat-iPhone" */ = {
			isa = XCConfigurationList;
			buildConfigurations = (
				A339AD2D13F9CA93001E776F /* Debug */,
				A339AD2E13F9CA93001E776F /* Release */,
			);
			defaultConfigurationIsVisible = 0;
			defaultConfigurationName = Release;
		};
		A339AD2F13F9CA93001E776F /* Build configuration list for PBXNativeTarget "PusherChat-iPhone" */ = {
			isa = XCConfigurationList;
			buildConfigurations = (
				A339AD3013F9CA93001E776F /* Debug */,
				A339AD3113F9CA93001E776F /* Release */,
			);
			defaultConfigurationIsVisible = 0;
			defaultConfigurationName = Release;
		};
/* End XCConfigurationList section */
	};
	rootObject = A339AD0513F9CA93001E776F /* Project object */;
}
